<?xml version="1.0" encoding="utf-8"?>
<Project ToolsVersion="4.0" xmlns="http://schemas.microsoft.com/developer/msbuild/2003">
  <ItemGroup>
    <Filter Include="Source Files">
      <UniqueIdentifier>{4FC737F1-C7A5-4376-A066-2A32D752A2FF}</UniqueIdentifier>
      <Extensions>cpp;c;cc;cxx;def;odl;idl;hpj;bat;asm;asmx</Extensions>
    </Filter>
    <Filter Include="Header Files">
      <UniqueIdentifier>{93995380-89BD-4b04-88EB-625FBE52EBFB}</UniqueIdentifier>
      <Extensions>h;hh;hpp;hxx;hm;inl;inc;xsd</Extensions>
    </Filter>
    <Filter Include="Resource Files">
      <UniqueIdentifier>{67DA6AB6-F800-4c08-8B7A-83BB121AAD01}</UniqueIdentifier>
      <Extensions>rc;ico;cur;bmp;dlg;rc2;rct;bin;rgs;gif;jpg;jpeg;jpe;resx;tiff;tif;png;wav;mfcribbon-ms</Extensions>
    </Filter>
    <Filter Include="Shader Files">
      <UniqueIdentifier>{D9D6E242-F8AF-46E4-B9FD-80ECBC20BA3E}</UniqueIdentifier>
      <Extensions>vert;frag;geom;comp;tesc;tese</Extensions>
    </Filter>
    <Filter Include="Libraries">
      <UniqueIdentifier>{4D9D6E242-F8AF-46E4-B9FD-80ECBC20BA3F}</UniqueIdentifier>
      <Extensions>cc;cpp;h;hpp</Extensions>
    </Filter>
  </ItemGroup>
  <ItemGroup>
    <ClCompile Include="..\glad.c">
      <Filter>Source Files</Filter>
    </ClCompile>
    <ClCompile Include="..\libraries\tinygltf\tiny_gltf.cc">
      <Filter>Libraries</Filter>
    </ClCompile>
    <ClCompile Include="..\libraries\imgui\imgui.cpp">
      <Filter>Source Files</Filter>
    </ClCompile>
    <ClCompile Include="..\libraries\imgui\imgui_draw.cpp">
      <Filter>Source Files</Filter>
    </ClCompile>
    <ClCompile Include="..\libraries\imgui\imgui_tables.cpp">
      <Filter>Source Files</Filter>
    </ClCompile>
    <ClCompile Include="..\libraries\imgui\imgui_widgets.cpp">
      <Filter>Source Files</Filter>
    </ClCompile>
    <ClCompile Include="..\libraries\imgui\imgui_impl_sdl2.cpp">
      <Filter>Source Files</Filter>
    </ClCompile>
    <ClCompile Include="..\libraries\imgui\imgui_impl_opengl3.cpp">
      <Filter>Source Files</Filter>
    </ClCompile>
    <ClCompile Include="..\main.cpp">
      <Filter>Source Files</Filter>
    </ClCompile>
    <ClCompile Include="..\src\Application.cpp">
      <Filter>Source Files</Filter>
    </ClCompile>
    <ClCompile Include="..\src\AssetManager.cpp">
      <Filter>Source Files</Filter>
    </ClCompile>
    <ClCompile Include="..\src\Camera.cpp">
      <Filter>Source Files</Filter>
    </ClCompile>
    <ClCompile Include="..\src\GLTFModel.cpp">
      <Filter>Source Files</Filter>
    </ClCompile>
    <ClCompile Include="..\src\LightManager.cpp">
      <Filter>Source Files</Filter>
    </ClCompile>
    <ClCompile Include="..\src\ModelManager.cpp">
      <Filter>Source Files</Filter>
    </ClCompile>
    <ClCompile Include="..\src\ObjectManager.cpp">
      <Filter>Source Files</Filter>
    </ClCompile>
    <ClCompile Include="..\src\Prism.cpp">
      <Filter>Source Files</Filter>
    </ClCompile>
    <ClCompile Include="..\src\Renderer.cpp">
      <Filter>Source Files</Filter>
    </ClCompile>
    <ClCompile Include="..\src\Scene.cpp">
      <Filter>Source Files</Filter>
    </ClCompile>
    <ClCompile Include="..\src\BaseScene.cpp">
      <Filter>Source Files</Filter>
    </ClCompile>
    <ClCompile Include="..\src\DemoScene.cpp">
      <Filter>Source Files</Filter>
    </ClCompile>
    <ClCompile Include="..\src\EmptyScene.cpp">
      <Filter>Source Files</Filter>
    </ClCompile>
    <ClCompile Include="..\src\DebugRenderer.cpp">
      <Filter>Source Files</Filter>
    </ClCompile>
    <ClCompile Include="..\src\Shader.cpp">
      <Filter>Source Files</Filter>
    </ClCompile>
    <ClCompile Include="..\src\SnowManager.cpp">
      <Filter>Source Files</Filter>
    </ClCompile>
    <ClCompile Include="..\src\Texture.cpp">
      <Filter>Source Files</Filter>
    </ClCompile>
    <ClCompile Include="..\src\ECSWorld.cpp">
      <Filter>Source Files</Filter>
    </ClCompile>
    <ClCompile Include="..\src\ConfigManager.cpp">
      <Filter>Source Files</Filter>
    </ClCompile>
    <ClCompile Include="..\src\InputManager.cpp">
      <Filter>Source Files</Filter>
    </ClCompile>
    <ClCompile Include="..\src\UIManager.cpp">
      <Filter>Source Files</Filter>
    </ClCompile>
  </ItemGroup>
  <ItemGroup>
    <ClInclude Include="..\src\Application.h">
      <Filter>Header Files</Filter>
    </ClInclude>
    <ClInclude Include="..\src\AssetManager.h">
      <Filter>Header Files</Filter>
    </ClInclude>
    <ClInclude Include="..\src\Camera.h">
      <Filter>Header Files</Filter>
    </ClInclude>
    <ClInclude Include="..\src\Constants.h">
      <Filter>Header Files</Filter>
    </ClInclude>
    <ClInclude Include="..\src\GLTFModel.h">
      <Filter>Header Files</Filter>
    </ClInclude>
    <ClInclude Include="..\src\LightManager.h">
      <Filter>Header Files</Filter>
    </ClInclude>
    <ClInclude Include="..\src\ModelManager.h">
      <Filter>Header Files</Filter>
    </ClInclude>
    <ClInclude Include="..\src\ObjectManager.h">
      <Filter>Header Files</Filter>
    </ClInclude>
    <ClInclude Include="..\src\Prism.h">
      <Filter>Header Files</Filter>
    </ClInclude>
    <ClInclude Include="..\src\Renderer.h">
      <Filter>Header Files</Filter>
    </ClInclude>
    <ClInclude Include="..\src\Scene.h">
      <Filter>Header Files</Filter>
    </ClInclude>
    <ClInclude Include="..\src\IScene.h">
      <Filter>Header Files</Filter>
    </ClInclude>
    <ClInclude Include="..\src\BaseScene.h">
      <Filter>Header Files</Filter>
    </ClInclude>
    <ClInclude Include="..\src\DemoScene.h">
      <Filter>Header Files</Filter>
    </ClInclude>
    <ClInclude Include="..\src\EmptyScene.h">
      <Filter>Header Files</Filter>
    </ClInclude>
    <ClInclude Include="..\src\DebugRenderer.h">
      <Filter>Header Files</Filter>
    </ClInclude>
    <ClInclude Include="..\src\Shader.h">
      <Filter>Header Files</Filter>
    </ClInclude>
    <ClInclude Include="..\src\SnowManager.h">
      <Filter>Header Files</Filter>
    </ClInclude>
    <ClInclude Include="..\src\Texture.h">
      <Filter>Header Files</Filter>
    </ClInclude>
    <ClInclude Include="..\src\ECSWorld.h">
      <Filter>Header Files</Filter>
    </ClInclude>
    <ClInclude Include="..\src\ConfigManager.h">
      <Filter>Header Files</Filter>
    </ClInclude>
    <ClInclude Include="..\src\InputManager.h">
      <Filter>Header Files</Filter>
    </ClInclude>
    <ClInclude Include="..\src\UIManager.h">
      <Filter>Header Files</Filter>
    </ClInclude>
    <ClInclude Include="..\src\events\Event.h">
      <Filter>Header Files</Filter>
    </ClInclude>
    <ClInclude Include="..\src\events\EventBus.h">
      <Filter>Header Files</Filter>
    </ClInclude>
    <ClInclude Include="..\src\events\Events.h">
      <Filter>Header Files</Filter>
    </ClInclude>
    <ClInclude Include="..\src\events\WindowEvents.h">
      <Filter>Header Files</Filter>
    </ClInclude>
    <ClInclude Include="..\src\events\InputEvents.h">
      <Filter>Header Files</Filter>
    </ClInclude>
    <ClInclude Include="..\src\events\ConfigEvents.h">
      <Filter>Header Files</Filter>
    </ClInclude>
    <ClInclude Include="..\src\events\SystemEvents.h">
      <Filter>Header Files</Filter>
    </ClInclude>
    <ClInclude Include="..\src\ecs\Entity.h">
      <Filter>Header Files</Filter>
    </ClInclude>
    <ClInclude Include="..\src\ecs\ComponentPool.h">
      <Filter>Header Files</Filter>
    </ClInclude>
    <ClInclude Include="..\src\ecs\Registry.h">
      <Filter>Header Files</Filter>
    </ClInclude>
    <ClInclude Include="..\src\ecs\System.h">
      <Filter>Header Files</Filter>
    </ClInclude>
    <ClInclude Include="..\src\ecs\ComponentTypes.h">
      <Filter>Header Files</Filter>
    </ClInclude>
    <ClInclude Include="..\src\components\TransformComponent.h">
      <Filter>Header Files</Filter>
    </ClInclude>
    <ClInclude Include="..\src\components\RenderableComponent.h">
      <Filter>Header Files</Filter>
    </ClInclude>
    <ClInclude Include="..\src\components\LODComponent.h">
      <Filter>Header Files</Filter>
    </ClInclude>
    <ClInclude Include="..\src\components\BatchGroupComponent.h">
      <Filter>Header Files</Filter>
    </ClInclude>
    <ClInclude Include="..\src\components\AnimationComponent.h">
      <Filter>Header Files</Filter>
    </ClInclude>
    <ClInclude Include="..\src\components\MaterialComponent.h">
      <Filter>Header Files</Filter>
    </ClInclude>
    <ClInclude Include="..\src\components\LightComponent.h">
      <Filter>Header Files</Filter>
    </ClInclude>
    <ClInclude Include="..\src\components\ParticleComponent.h">
      <Filter>Header Files</Filter>
    </ClInclude>
    <ClInclude Include="..\src\components\PhysicsComponent.h">
      <Filter>Header Files</Filter>
    </ClInclude>
    <ClInclude Include="..\src\components\CameraComponent.h">
      <Filter>Header Files</Filter>
    </ClInclude>
    <ClInclude Include="..\src\systems\TransformSystem.h">
      <Filter>Header Files</Filter>
    </ClInclude>
    <ClInclude Include="..\src\systems\LODSystem.h">
      <Filter>Header Files</Filter>
    </ClInclude>
    <ClInclude Include="..\src\systems\CullingSystem.h">
      <Filter>Header Files</Filter>
    </ClInclude>
    <ClInclude Include="..\src\systems\AnimationSystem.h">
      <Filter>Header Files</Filter>
    </ClInclude>
    <ClInclude Include="..\src\systems\CameraSystem.h">
      <Filter>Header Files</Filter>
    </ClInclude>
    <ClInclude Include="..\src\systems\PhysicsSystem.h">
      <Filter>Header Files</Filter>
    </ClInclude>
    <ClInclude Include="..\src\systems\ParticleSystem.h">
      <Filter>Header Files</Filter>
    </ClInclude>
    <ClInclude Include="..\src\systems\LightSystem.h">
      <Filter>Header Files</Filter>
    </ClInclude>
    <ClInclude Include="..\src\systems\RenderSystem.h">
      <Filter>Header Files</Filter>
    </ClInclude>
    <ClInclude Include="resource.h">
      <Filter>Header Files</Filter>
    </ClInclude>
  </ItemGroup>
  <ItemGroup>
    <None Include="..\shaders\phong.vert">
      <Filter>Shader Files</Filter>
    </None>
    <None Include="..\shaders\phong.frag">
      <Filter>Shader Files</Filter>
    </None>
    <None Include="..\shaders\unified_lighting.frag">
      <Filter>Shader Files</Filter>
    </None>
    <None Include="..\shaders\pbr_model.vert">
      <Filter>Shader Files</Filter>
    </None>
    <None Include="..\shaders\pbr_model.frag">
      <Filter>Shader Files</Filter>
    </None>
    <None Include="..\shaders\simple_test.vert">
      <Filter>Shader Files</Filter>
    </None>
    <None Include="..\shaders\simple_test.frag">
      <Filter>Shader Files</Filter>
    </None>
    <None Include="..\shaders\phong_notess.vert">
      <Filter>Shader Files</Filter>
    </None>
    <None Include="..\shaders\phong_notess.frag">
      <Filter>Shader Files</Filter>
    </None>
    <None Include="..\shaders\snow_glow.vert">
      <Filter>Shader Files</Filter>
    </None>
    <None Include="..\shaders\snow_glow.frag">
      <Filter>Shader Files</Filter>
    </None>
    <None Include="..\shaders\tess_control.glsl" />
    <None Include="..\shaders\tess_eval.glsl" />
    <None Include="..\shaders\object_instanced.vert">
      <Filter>Shader Files</Filter>
    </None>
    <None Include="..\shaders\object_instanced.frag">
      <Filter>Shader Files</Filter>
    </None>
    <None Include="..\shaders\fullscreen_quad.vert">
      <Filter>Shader Files</Filter>
    </None>
    <None Include="..\shaders\overlay_accum.frag">
      <Filter>Shader Files</Filter>
    </None>
    <None Include="..\shaders\present.frag">
      <Filter>Shader Files</Filter>
    </None>
    <None Include="..\shaders\shadertoy_overlay.frag">
      <Filter>Shader Files</Filter>
    </None>
    <None Include="..\shaders\debug_grid.vert">
      <Filter>Shader Files</Filter>
    </None>
    <None Include="..\shaders\debug_grid.frag">
      <Filter>Shader Files</Filter>
    </None>
    <None Include="..\shaders\debug_line.vert">
      <Filter>Shader Files</Filter>
    </None>
    <None Include="..\shaders\debug_line.frag">
      <Filter>Shader Files</Filter>
    </None>
    <None Include="..\assets\modelo_fing.glb" />
    <None Include="..\assets\snow.glb" />
    <None Include="..\assets\snowflake-fab.glb" />
    <None Include="..\assets\snow\**\*.*">
      <Filter>Resource Files</Filter>
    </None>
    <None Include="..\assets\snow\**\*.*">
      <Filter>Resource Files</Filter>
    </None>
    <None Include="..\assets\snow\**\*.*" />
    <None Include="..\assets\snow\**\*.*">
      <Filter>Resource Files</Filter>
    </None>
    <None Include="..\assets\snow\**\*.*">
      <Filter>Resource Files</Filter>
    </None>
    <None Include="..\assets\Baked_snowflake.png">
      <Filter>Resource Files</Filter>
    </None>
    <None Include="..\assets\fonts\**\*.*" />
    <None Include="..\assets\fonts\**\*.*" />
    <None Include="..\assets\fonts\**\*.*" />
  </ItemGroup>
  <ItemGroup>
    <Image Include="..\assets\icon.ico">
      <Filter>Resource Files</Filter>
    </Image>
  </ItemGroup>
  <ItemGroup>
    <ResourceCompile Include="icon.rc">
      <Filter>Resource Files</Filter>
    </ResourceCompile>
  </ItemGroup>
</Project>